// !$*UTF8*$!
{
	archiveVersion = 1;
	classes = {
	};
	objectVersion = 46;
	objects = {

/* Begin PBXBuildFile section */
		1B13652F1DC961FB0078100F /* AppDelegate.swift in Sources */ = {isa = PBXBuildFile; fileRef = 1B13652E1DC961FB0078100F /* AppDelegate.swift */; };
		1B1365311DC961FB0078100F /* ViewController.swift in Sources */ = {isa = PBXBuildFile; fileRef = 1B1365301DC961FB0078100F /* ViewController.swift */; };
		1B1365341DC961FB0078100F /* Main.storyboard in Resources */ = {isa = PBXBuildFile; fileRef = 1B1365321DC961FB0078100F /* Main.storyboard */; };
		1B1365361DC961FB0078100F /* Assets.xcassets in Resources */ = {isa = PBXBuildFile; fileRef = 1B1365351DC961FB0078100F /* Assets.xcassets */; };
		1B1365391DC961FB0078100F /* LaunchScreen.storyboard in Resources */ = {isa = PBXBuildFile; fileRef = 1B1365371DC961FB0078100F /* LaunchScreen.storyboard */; };
		1B1365581DC962990078100F /* SQLite.framework in Frameworks */ = {isa = PBXBuildFile; fileRef = 1B13654B1DC9621E0078100F /* SQLite.framework */; };
		1B13655B1DC964700078100F /* Planeta.swift in Sources */ = {isa = PBXBuildFile; fileRef = 1B13655A1DC964700078100F /* Planeta.swift */; };
		1B13655E1DC964EA0078100F /* PlanetaDAO.swift in Sources */ = {isa = PBXBuildFile; fileRef = 1B13655D1DC964EA0078100F /* PlanetaDAO.swift */; };
		1BCB95FA1DCD458800C0B6AE /* AddViewController.swift in Sources */ = {isa = PBXBuildFile; fileRef = 1BCB95F91DCD458800C0B6AE /* AddViewController.swift */; };
		1BCB95FC1DCD463900C0B6AE /* PlanetaTableViewCell.swift in Sources */ = {isa = PBXBuildFile; fileRef = 1BCB95FB1DCD463900C0B6AE /* PlanetaTableViewCell.swift */; };
/* End PBXBuildFile section */

/* Begin PBXContainerItemProxy section */
		1B13654A1DC9621E0078100F /* PBXContainerItemProxy */ = {
			isa = PBXContainerItemProxy;
			containerPortal = 1B1365401DC9621D0078100F /* SQLite.xcodeproj */;
			proxyType = 2;
			remoteGlobalIDString = EE247AD31C3F04ED00AE3E12;
			remoteInfo = "SQLite iOS";
		};
		1B13654C1DC9621E0078100F /* PBXContainerItemProxy */ = {
			isa = PBXContainerItemProxy;
			containerPortal = 1B1365401DC9621D0078100F /* SQLite.xcodeproj */;
			proxyType = 2;
			remoteGlobalIDString = EE247ADD1C3F04ED00AE3E12;
			remoteInfo = "SQLiteTests iOS";
		};
		1B13654E1DC9621E0078100F /* PBXContainerItemProxy */ = {
			isa = PBXContainerItemProxy;
			containerPortal = 1B1365401DC9621D0078100F /* SQLite.xcodeproj */;
			proxyType = 2;
			remoteGlobalIDString = EE247B3C1C3F3ED000AE3E12;
			remoteInfo = "SQLite Mac";
		};
		1B1365501DC9621E0078100F /* PBXContainerItemProxy */ = {
			isa = PBXContainerItemProxy;
			containerPortal = 1B1365401DC9621D0078100F /* SQLite.xcodeproj */;
			proxyType = 2;
			remoteGlobalIDString = EE247B451C3F3ED000AE3E12;
			remoteInfo = "SQLiteTests Mac";
		};
		1B1365521DC9621E0078100F /* PBXContainerItemProxy */ = {
			isa = PBXContainerItemProxy;
			containerPortal = 1B1365401DC9621D0078100F /* SQLite.xcodeproj */;
			proxyType = 2;
			remoteGlobalIDString = 03A65E5A1C6BB0F50062603F;
			remoteInfo = "SQLite tvOS";
		};
		1B1365541DC9621E0078100F /* PBXContainerItemProxy */ = {
			isa = PBXContainerItemProxy;
			containerPortal = 1B1365401DC9621D0078100F /* SQLite.xcodeproj */;
			proxyType = 2;
			remoteGlobalIDString = 03A65E631C6BB0F60062603F;
			remoteInfo = "SQLiteTests tvOS";
		};
		1B1365561DC9621E0078100F /* PBXContainerItemProxy */ = {
			isa = PBXContainerItemProxy;
			containerPortal = 1B1365401DC9621D0078100F /* SQLite.xcodeproj */;
			proxyType = 2;
			remoteGlobalIDString = A121AC451CA35C79005A31D1;
			remoteInfo = "SQLite watchOS";
		};
/* End PBXContainerItemProxy section */

/* Begin PBXFileReference section */
		1B13652B1DC961FB0078100F /* Planetas.app */ = {isa = PBXFileReference; explicitFileType = wrapper.application; includeInIndex = 0; path = Planetas.app; sourceTree = BUILT_PRODUCTS_DIR; };
		1B13652E1DC961FB0078100F /* AppDelegate.swift */ = {isa = PBXFileReference; lastKnownFileType = sourcecode.swift; path = AppDelegate.swift; sourceTree = "<group>"; };
		1B1365301DC961FB0078100F /* ViewController.swift */ = {isa = PBXFileReference; lastKnownFileType = sourcecode.swift; path = ViewController.swift; sourceTree = "<group>"; };
		1B1365331DC961FB0078100F /* Base */ = {isa = PBXFileReference; lastKnownFileType = file.storyboard; name = Base; path = Base.lproj/Main.storyboard; sourceTree = "<group>"; };
		1B1365351DC961FB0078100F /* Assets.xcassets */ = {isa = PBXFileReference; lastKnownFileType = folder.assetcatalog; path = Assets.xcassets; sourceTree = "<group>"; };
		1B1365381DC961FB0078100F /* Base */ = {isa = PBXFileReference; lastKnownFileType = file.storyboard; name = Base; path = Base.lproj/LaunchScreen.storyboard; sourceTree = "<group>"; };
		1B13653A1DC961FB0078100F /* Info.plist */ = {isa = PBXFileReference; lastKnownFileType = text.plist.xml; path = Info.plist; sourceTree = "<group>"; };
		1B1365401DC9621D0078100F /* SQLite.xcodeproj */ = {isa = PBXFileReference; lastKnownFileType = "wrapper.pb-project"; name = SQLite.xcodeproj; path = "../../../../Downloads/SQLite.swift-master/SQLite.xcodeproj"; sourceTree = "<group>"; };
		1B13655A1DC964700078100F /* Planeta.swift */ = {isa = PBXFileReference; fileEncoding = 4; lastKnownFileType = sourcecode.swift; path = Planeta.swift; sourceTree = "<group>"; };
		1B13655D1DC964EA0078100F /* PlanetaDAO.swift */ = {isa = PBXFileReference; fileEncoding = 4; lastKnownFileType = sourcecode.swift; path = PlanetaDAO.swift; sourceTree = "<group>"; };
		1BCB95F91DCD458800C0B6AE /* AddViewController.swift */ = {isa = PBXFileReference; fileEncoding = 4; lastKnownFileType = sourcecode.swift; path = AddViewController.swift; sourceTree = "<group>"; };
		1BCB95FB1DCD463900C0B6AE /* PlanetaTableViewCell.swift */ = {isa = PBXFileReference; fileEncoding = 4; lastKnownFileType = sourcecode.swift; path = PlanetaTableViewCell.swift; sourceTree = "<group>"; };
/* End PBXFileReference section */

/* Begin PBXFrameworksBuildPhase section */
		1B1365281DC961FB0078100F /* Frameworks */ = {
			isa = PBXFrameworksBuildPhase;
			buildActionMask = 2147483647;
			files = (
				1B1365581DC962990078100F /* SQLite.framework in Frameworks */,
			);
			runOnlyForDeploymentPostprocessing = 0;
		};
/* End PBXFrameworksBuildPhase section */

/* Begin PBXGroup section */
		1B1365221DC961FB0078100F = {
			isa = PBXGroup;
			children = (
				1B13652D1DC961FB0078100F /* Planetas */,
				1B13652C1DC961FB0078100F /* Products */,
			);
			sourceTree = "<group>";
		};
		1B13652C1DC961FB0078100F /* Products */ = {
			isa = PBXGroup;
			children = (
				1B13652B1DC961FB0078100F /* Planetas.app */,
			);
			name = Products;
			sourceTree = "<group>";
		};
		1B13652D1DC961FB0078100F /* Planetas */ = {
			isa = PBXGroup;
			children = (
				1BCB95F81DCD3CBE00C0B6AE /* Cells */,
				1B13655C1DC964D90078100F /* DataBase */,
				1B1365591DC9644D0078100F /* Models */,
				1B13652E1DC961FB0078100F /* AppDelegate.swift */,
				1B1365301DC961FB0078100F /* ViewController.swift */,
				1B1365321DC961FB0078100F /* Main.storyboard */,
				1B1365351DC961FB0078100F /* Assets.xcassets */,
				1B1365371DC961FB0078100F /* LaunchScreen.storyboard */,
				1B13653A1DC961FB0078100F /* Info.plist */,
				1B1365401DC9621D0078100F /* SQLite.xcodeproj */,
				1BCB95F91DCD458800C0B6AE /* AddViewController.swift */,
			);
			path = Planetas;
			sourceTree = "<group>";
		};
		1B1365411DC9621D0078100F /* Products */ = {
			isa = PBXGroup;
			children = (
				1B13654B1DC9621E0078100F /* SQLite.framework */,
				1B13654D1DC9621E0078100F /* SQLiteTests iOS.xctest */,
				1B13654F1DC9621E0078100F /* SQLite.framework */,
				1B1365511DC9621E0078100F /* SQLiteTests Mac.xctest */,
				1B1365531DC9621E0078100F /* SQLite.framework */,
				1B1365551DC9621E0078100F /* SQLiteTests tvOS.xctest */,
				1B1365571DC9621E0078100F /* SQLite.framework */,
			);
			name = Products;
			sourceTree = "<group>";
		};
		1B1365591DC9644D0078100F /* Models */ = {
			isa = PBXGroup;
			children = (
				1B13655A1DC964700078100F /* Planeta.swift */,
			);
			name = Models;
			sourceTree = "<group>";
		};
		1B13655C1DC964D90078100F /* DataBase */ = {
			isa = PBXGroup;
			children = (
				1B13655D1DC964EA0078100F /* PlanetaDAO.swift */,
			);
			name = DataBase;
			sourceTree = "<group>";
		};
		1BCB95F81DCD3CBE00C0B6AE /* Cells */ = {
			isa = PBXGroup;
			children = (
				1BCB95FB1DCD463900C0B6AE /* PlanetaTableViewCell.swift */,
			);
			name = Cells;
			sourceTree = "<group>";
		};
/* End PBXGroup section */

/* Begin PBXNativeTarget section */
		1B13652A1DC961FB0078100F /* Planetas */ = {
			isa = PBXNativeTarget;
			buildConfigurationList = 1B13653D1DC961FB0078100F /* Build configuration list for PBXNativeTarget "Planetas" */;
			buildPhases = (
				1B1365271DC961FB0078100F /* Sources */,
				1B1365281DC961FB0078100F /* Frameworks */,
				1B1365291DC961FB0078100F /* Resources */,
			);
			buildRules = (
			);
			dependencies = (
			);
			name = Planetas;
			productName = Planetas;
			productReference = 1B13652B1DC961FB0078100F /* Planetas.app */;
			productType = "com.apple.product-type.application";
		};
/* End PBXNativeTarget section */

/* Begin PBXProject section */
		1B1365231DC961FB0078100F /* Project object */ = {
			isa = PBXProject;
			attributes = {
				LastSwiftUpdateCheck = 0800;
				LastUpgradeCheck = 0800;
				ORGANIZATIONNAME = Aplimovil;
				TargetAttributes = {
					1B13652A1DC961FB0078100F = {
						CreatedOnToolsVersion = 8.0;
						ProvisioningStyle = Automatic;
					};
				};
			};
			buildConfigurationList = 1B1365261DC961FB0078100F /* Build configuration list for PBXProject "Planetas" */;
			compatibilityVersion = "Xcode 3.2";
			developmentRegion = English;
			hasScannedForEncodings = 0;
			knownRegions = (
				en,
				Base,
			);
			mainGroup = 1B1365221DC961FB0078100F;
			productRefGroup = 1B13652C1DC961FB0078100F /* Products */;
			projectDirPath = "";
			projectReferences = (
				{
					ProductGroup = 1B1365411DC9621D0078100F /* Products */;
					ProjectRef = 1B1365401DC9621D0078100F /* SQLite.xcodeproj */;
				},
			);
			projectRoot = "";
			targets = (
				1B13652A1DC961FB0078100F /* Planetas */,
			);
		};
/* End PBXProject section */

/* Begin PBXReferenceProxy section */
		1B13654B1DC9621E0078100F /* SQLite.framework */ = {
			isa = PBXReferenceProxy;
			fileType = wrapper.framework;
			path = SQLite.framework;
			remoteRef = 1B13654A1DC9621E0078100F /* PBXContainerItemProxy */;
			sourceTree = BUILT_PRODUCTS_DIR;
		};
		1B13654D1DC9621E0078100F /* SQLiteTests iOS.xctest */ = {
			isa = PBXReferenceProxy;
			fileType = wrapper.cfbundle;
			path = "SQLiteTests iOS.xctest";
			remoteRef = 1B13654C1DC9621E0078100F /* PBXContainerItemProxy */;
			sourceTree = BUILT_PRODUCTS_DIR;
		};
		1B13654F1DC9621E0078100F /* SQLite.framework */ = {
			isa = PBXReferenceProxy;
			fileType = wrapper.framework;
			path = SQLite.framework;
			remoteRef = 1B13654E1DC9621E0078100F /* PBXContainerItemProxy */;
			sourceTree = BUILT_PRODUCTS_DIR;
		};
		1B1365511DC9621E0078100F /* SQLiteTests Mac.xctest */ = {
			isa = PBXReferenceProxy;
			fileType = wrapper.cfbundle;
			path = "SQLiteTests Mac.xctest";
			remoteRef = 1B1365501DC9621E0078100F /* PBXContainerItemProxy */;
			sourceTree = BUILT_PRODUCTS_DIR;
		};
		1B1365531DC9621E0078100F /* SQLite.framework */ = {
			isa = PBXReferenceProxy;
			fileType = wrapper.framework;
			path = SQLite.framework;
			remoteRef = 1B1365521DC9621E0078100F /* PBXContainerItemProxy */;
			sourceTree = BUILT_PRODUCTS_DIR;
		};
		1B1365551DC9621E0078100F /* SQLiteTests tvOS.xctest */ = {
			isa = PBXReferenceProxy;
			fileType = wrapper.cfbundle;
			path = "SQLiteTests tvOS.xctest";
			remoteRef = 1B1365541DC9621E0078100F /* PBXContainerItemProxy */;
			sourceTree = BUILT_PRODUCTS_DIR;
		};
		1B1365571DC9621E0078100F /* SQLite.framework */ = {
			isa = PBXReferenceProxy;
			fileType = wrapper.framework;
			path = SQLite.framework;
			remoteRef = 1B1365561DC9621E0078100F /* PBXContainerItemProxy */;
			sourceTree = BUILT_PRODUCTS_DIR;
		};
/* End PBXReferenceProxy section */

/* Begin PBXResourcesBuildPhase section */
		1B1365291DC961FB0078100F /* Resources */ = {
			isa = PBXResourcesBuildPhase;
			buildActionMask = 2147483647;
			files = (
				1B1365391DC961FB0078100F /* LaunchScreen.storyboard in Resources */,
				1B1365361DC961FB0078100F /* Assets.xcassets in Resources */,
				1B1365341DC961FB0078100F /* Main.storyboard in Resources */,
			);
			runOnlyForDeploymentPostprocessing = 0;
		};
/* End PBXResourcesBuildPhase section */

/* Begin PBXSourcesBuildPhase section */
		1B1365271DC961FB0078100F /* Sources */ = {
			isa = PBXSourcesBuildPhase;
			buildActionMask = 2147483647;
			files = (
				1BCB95FA1DCD458800C0B6AE /* AddViewController.swift in Sources */,
				1B13655E1DC964EA0078100F /* PlanetaDAO.swift in Sources */,
				1B1365311DC961FB0078100F /* ViewController.swift in Sources */,
				1BCB95FC1DCD463900C0B6AE /* PlanetaTableViewCell.swift in Sources */,
				1B13652F1DC961FB0078100F /* AppDelegate.swift in Sources */,
				1B13655B1DC964700078100F /* Planeta.swift in Sources */,
			);
			runOnlyForDeploymentPostprocessing = 0;
		};
/* End PBXSourcesBuildPhase section */

/* Begin PBXVariantGroup section */
		1B1365321DC961FB0078100F /* Main.storyboard */ = {
			isa = PBXVariantGroup;
			children = (
				1B1365331DC961FB0078100F /* Base */,
			);
			name = Main.storyboard;
			sourceTree = "<group>";
		};
		1B1365371DC961FB0078100F /* LaunchScreen.storyboard */ = {
			isa = PBXVariantGroup;
			children = (
				1B1365381DC961FB0078100F /* Base */,
			);
			name = LaunchScreen.storyboard;
			sourceTree = "<group>";
		};
/* End PBXVariantGroup section */

/* Begin XCBuildConfiguration section */
		1B13653B1DC961FB0078100F /* Debug */ = {
			isa = XCBuildConfiguration;
			buildSettings = {
				ALWAYS_SEARCH_USER_PATHS = NO;
				CLANG_ANALYZER_NONNULL = YES;
				CLANG_CXX_LANGUAGE_STANDARD = "gnu++0x";
				CLANG_CXX_LIBRARY = "libc++";
				CLANG_ENABLE_MODULES = YES;
				CLANG_ENABLE_OBJC_ARC = YES;
				CLANG_WARN_BOOL_CONVERSION = YES;
				CLANG_WARN_CONSTANT_CONVERSION = YES;
				CLANG_WARN_DIRECT_OBJC_ISA_USAGE = YES_ERROR;
				CLANG_WARN_DOCUMENTATION_COMMENTS = YES;
				CLANG_WARN_EMPTY_BODY = YES;
				CLANG_WARN_ENUM_CONVERSION = YES;
				CLANG_WARN_INFINITE_RECURSION = YES;
				CLANG_WARN_INT_CONVERSION = YES;
				CLANG_WARN_OBJC_ROOT_CLASS = YES_ERROR;
				CLANG_WARN_SUSPICIOUS_MOVES = YES;
				CLANG_WARN_UNREACHABLE_CODE = YES;
				CLANG_WARN__DUPLICATE_METHOD_MATCH = YES;
				"CODE_SIGN_IDENTITY[sdk=iphoneos*]" = "iPhone Developer";
				COPY_PHASE_STRIP = NO;
				DEBUG_INFORMATION_FORMAT = dwarf;
				ENABLE_STRICT_OBJC_MSGSEND = YES;
				ENABLE_TESTABILITY = YES;
				GCC_C_LANGUAGE_STANDARD = gnu99;
				GCC_DYNAMIC_NO_PIC = NO;
				GCC_NO_COMMON_BLOCKS = YES;
				GCC_OPTIMIZATION_LEVEL = 0;
				GCC_PREPROCESSOR_DEFINITIONS = (
					"DEBUG=1",
					"$(inherited)",
				);
				GCC_WARN_64_TO_32_BIT_CONVERSION = YES;
				GCC_WARN_ABOUT_RETURN_TYPE = YES_ERROR;
				GCC_WARN_UNDECLARED_SELECTOR = YES;
				GCC_WARN_UNINITIALIZED_AUTOS = YES_AGGRESSIVE;
				GCC_WARN_UNUSED_FUNCTION = YES;
				GCC_WARN_UNUSED_VARIABLE = YES;
				IPHONEOS_DEPLOYMENT_TARGET = 10.0;
				MTL_ENABLE_DEBUG_INFO = YES;
				ONLY_ACTIVE_ARCH = YES;
				SDKROOT = iphoneos;
				SWIFT_ACTIVE_COMPILATION_CONDITIONS = DEBUG;
				SWIFT_OPTIMIZATION_LEVEL = "-Onone";
				TARGETED_DEVICE_FAMILY = "1,2";
			};
			name = Debug;
		};
		1B13653C1DC961FB0078100F /* Release */ = {
			isa = XCBuildConfiguration;
			buildSettings = {
				ALWAYS_SEARCH_USER_PATHS = NO;
				CLANG_ANALYZER_NONNULL = YES;
				CLANG_CXX_LANGUAGE_STANDARD = "gnu++0x";
				CLANG_CXX_LIBRARY = "libc++";
				CLANG_ENABLE_MODULES = YES;
				CLANG_ENABLE_OBJC_ARC = YES;
				CLANG_WARN_BOOL_CONVERSION = YES;
				CLANG_WARN_CONSTANT_CONVERSION = YES;
				CLANG_WARN_DIRECT_OBJC_ISA_USAGE = YES_ERROR;
				CLANG_WARN_DOCUMENTATION_COMMENTS = YES;
				CLANG_WARN_EMPTY_BODY = YES;
				CLANG_WARN_ENUM_CONVERSION = YES;
				CLANG_WARN_INFINITE_RECURSION = YES;
				CLANG_WARN_INT_CONVERSION = YES;
				CLANG_WARN_OBJC_ROOT_CLASS = YES_ERROR;
				CLANG_WARN_SUSPICIOUS_MOVES = YES;
				CLANG_WARN_UNREACHABLE_CODE = YES;
				CLANG_WARN__DUPLICATE_METHOD_MATCH = YES;
				"CODE_SIGN_IDENTITY[sdk=iphoneos*]" = "iPhone Developer";
				COPY_PHASE_STRIP = NO;
				DEBUG_INFORMATION_FORMAT = "dwarf-with-dsym";
				ENABLE_NS_ASSERTIONS = NO;
				ENABLE_STRICT_OBJC_MSGSEND = YES;
				GCC_C_LANGUAGE_STANDARD = gnu99;
				GCC_NO_COMMON_BLOCKS = YES;
				GCC_WARN_64_TO_32_BIT_CONVERSION = YES;
				GCC_WARN_ABOUT_RETURN_TYPE = YES_ERROR;
				GCC_WARN_UNDECLARED_SELECTOR = YES;
				GCC_WARN_UNINITIALIZED_AUTOS = YES_AGGRESSIVE;
				GCC_WARN_UNUSED_FUNCTION = YES;
				GCC_WARN_UNUSED_VARIABLE = YES;
				IPHONEOS_DEPLOYMENT_TARGET = 10.0;
				MTL_ENABLE_DEBUG_INFO = NO;
				SDKROOT = iphoneos;
				SWIFT_OPTIMIZATION_LEVEL = "-Owholemodule";
				TARGETED_DEVICE_FAMILY = "1,2";
				VALIDATE_PRODUCT = YES;
			};
			name = Release;
		};
		1B13653E1DC961FB0078100F /* Debug */ = {
			isa = XCBuildConfiguration;
			buildSettings = {
				ASSETCATALOG_COMPILER_APPICON_NAME = AppIcon;
				INFOPLIST_FILE = Planetas/Info.plist;
				LD_RUNPATH_SEARCH_PATHS = "$(inherited) @executable_path/Frameworks";
				PRODUCT_BUNDLE_IDENTIFIER = unicauca.Planetas;
				PRODUCT_NAME = "$(TARGET_NAME)";
				SWIFT_VERSION = 3.0;
			};
			name = Debug;
		};
		1B13653F1DC961FB0078100F /* Release */ = {
			isa = XCBuildConfiguration;
			buildSettings = {
				ASSETCATALOG_COMPILER_APPICON_NAME = AppIcon;
				INFOPLIST_FILE = Planetas/Info.plist;
				LD_RUNPATH_SEARCH_PATHS = "$(inherited) @executable_path/Frameworks";
				PRODUCT_BUNDLE_IDENTIFIER = unicauca.Planetas;
				PRODUCT_NAME = "$(TARGET_NAME)";
				SWIFT_VERSION = 3.0;
			};
			name = Release;
		};
/* End XCBuildConfiguration section */

/* Begin XCConfigurationList section */
		1B1365261DC961FB0078100F /* Build configuration list for PBXProject "Planetas" */ = {
			isa = XCConfigurationList;
			buildConfigurations = (
				1B13653B1DC961FB0078100F /* Debug */,
				1B13653C1DC961FB0078100F /* Release */,
			);
			defaultConfigurationIsVisible = 0;
			defaultConfigurationName = Release;
		};
		1B13653D1DC961FB0078100F /* Build configuration list for PBXNativeTarget "Planetas" */ = {
			isa = XCConfigurationList;
			buildConfigurations = (
				1B13653E1DC961FB0078100F /* Debug */,
				1B13653F1DC961FB0078100F /* Release */,
			);
			defaultConfigurationIsVisible = 0;
			defaultConfigurationName = Release;
		};
/* End XCConfigurationList section */
	};
	rootObject = 1B1365231DC961FB0078100F /* Project object */;
}
